// !$*UTF8*$!
{
	archiveVersion = 1;
	classes = {
	};
	objectVersion = 51;
	objects = {

/* Begin PBXBuildFile section */
		19F634C18841053F8AE0E2E2 /* Pods_Reciplease.framework in Frameworks */ = {isa = PBXBuildFile; fileRef = 6AC69730CC442C5AA8B569FE /* Pods_Reciplease.framework */; };
		1CEC5184DD8942CFBA1289E6 /* Pods_RecipleaseTests.framework in Frameworks */ = {isa = PBXBuildFile; fileRef = B53290EFA84848AAC9B5BC4A /* Pods_RecipleaseTests.framework */; };
		20E9C7D6707D207F8BBA8747 /* Pods_Reciplease_RecipleaseUITests.framework in Frameworks */ = {isa = PBXBuildFile; fileRef = 36FC918344719A1AFC5097A1 /* Pods_Reciplease_RecipleaseUITests.framework */; };
		3D522B3B26BD7A1900FABC8B /* AppDelegate.swift in Sources */ = {isa = PBXBuildFile; fileRef = 3D522B3A26BD7A1900FABC8B /* AppDelegate.swift */; };
		3D522B3D26BD7A1900FABC8B /* SceneDelegate.swift in Sources */ = {isa = PBXBuildFile; fileRef = 3D522B3C26BD7A1900FABC8B /* SceneDelegate.swift */; };
		3D522B4226BD7A1900FABC8B /* Main.storyboard in Resources */ = {isa = PBXBuildFile; fileRef = 3D522B4026BD7A1900FABC8B /* Main.storyboard */; };
		3D522B4526BD7A1900FABC8B /* Reciplease.xcdatamodeld in Sources */ = {isa = PBXBuildFile; fileRef = 3D522B4326BD7A1900FABC8B /* Reciplease.xcdatamodeld */; };
		3D522B4726BD7A1B00FABC8B /* Assets.xcassets in Resources */ = {isa = PBXBuildFile; fileRef = 3D522B4626BD7A1B00FABC8B /* Assets.xcassets */; };
		3D522B4A26BD7A1B00FABC8B /* LaunchScreen.storyboard in Resources */ = {isa = PBXBuildFile; fileRef = 3D522B4826BD7A1B00FABC8B /* LaunchScreen.storyboard */; };
		3D522B5526BD7A1B00FABC8B /* RecipleaseTests.swift in Sources */ = {isa = PBXBuildFile; fileRef = 3D522B5426BD7A1B00FABC8B /* RecipleaseTests.swift */; };
		3D522B6026BD7A1B00FABC8B /* RecipleaseUITests.swift in Sources */ = {isa = PBXBuildFile; fileRef = 3D522B5F26BD7A1B00FABC8B /* RecipleaseUITests.swift */; };
		3D522B7426BD95C100FABC8B /* HomeController.swift in Sources */ = {isa = PBXBuildFile; fileRef = 3D522B7326BD95C100FABC8B /* HomeController.swift */; };
		3D522B7626BD96C600FABC8B /* Ingredient.swift in Sources */ = {isa = PBXBuildFile; fileRef = 3D522B7526BD96C600FABC8B /* Ingredient.swift */; };
		3D98607226EBB6E90017769D /* ScrollableViewModel.swift in Sources */ = {isa = PBXBuildFile; fileRef = 3D98607126EBB6E90017769D /* ScrollableViewModel.swift */; };
		3D98607426ECAC0D0017769D /* Sections.swift in Sources */ = {isa = PBXBuildFile; fileRef = 3D98607326ECAC0D0017769D /* Sections.swift */; };
		3D98607626ECAC530017769D /* CellViewModel.swift in Sources */ = {isa = PBXBuildFile; fileRef = 3D98607526ECAC530017769D /* CellViewModel.swift */; };
		3D98607826ECAD5B0017769D /* UITableViewCell+CellConfigurable.swift in Sources */ = {isa = PBXBuildFile; fileRef = 3D98607726ECAD5B0017769D /* UITableViewCell+CellConfigurable.swift */; };
		3D98607A26ECAD880017769D /* CellConfigurable.swift in Sources */ = {isa = PBXBuildFile; fileRef = 3D98607926ECAD880017769D /* CellConfigurable.swift */; };
		3D98607D26ECB4DC0017769D /* RountingEntry.swift in Sources */ = {isa = PBXBuildFile; fileRef = 3D98607C26ECB4DC0017769D /* RountingEntry.swift */; };
		3D98607F26ECB50B0017769D /* Controller.swift in Sources */ = {isa = PBXBuildFile; fileRef = 3D98607E26ECB50B0017769D /* Controller.swift */; };
		3D98608126ECB5670017769D /* RecipListControllerRoutingEntry.swift in Sources */ = {isa = PBXBuildFile; fileRef = 3D98608026ECB5670017769D /* RecipListControllerRoutingEntry.swift */; };
		3D98608426ECB5F60017769D /* ListRecipViewModel.swift in Sources */ = {isa = PBXBuildFile; fileRef = 3D98608326ECB5F60017769D /* ListRecipViewModel.swift */; };
		3D98608626ECB6900017769D /* ListRecipSection.swift in Sources */ = {isa = PBXBuildFile; fileRef = 3D98608526ECB6900017769D /* ListRecipSection.swift */; };
		3D98608926ECB83B0017769D /* RecipTableViewCell.swift in Sources */ = {isa = PBXBuildFile; fileRef = 3D98608726ECB83B0017769D /* RecipTableViewCell.swift */; };
		3D98608A26ECB83B0017769D /* RecipTableViewCell.xib in Resources */ = {isa = PBXBuildFile; fileRef = 3D98608826ECB83B0017769D /* RecipTableViewCell.xib */; };
		3D98608C26ECBC1B0017769D /* RecipCellViewModel.swift in Sources */ = {isa = PBXBuildFile; fileRef = 3D98608B26ECBC1B0017769D /* RecipCellViewModel.swift */; };
		3D98608E26ECC10B0017769D /* UIViewController+Controller.swift in Sources */ = {isa = PBXBuildFile; fileRef = 3D98608D26ECC10B0017769D /* UIViewController+Controller.swift */; };
		3D98609126ECC5390017769D /* RecipListViewController.swift in Sources */ = {isa = PBXBuildFile; fileRef = 3D98608F26ECC5390017769D /* RecipListViewController.swift */; };
		3D98609226ECC5390017769D /* RecipListViewController.xib in Resources */ = {isa = PBXBuildFile; fileRef = 3D98609026ECC5390017769D /* RecipListViewController.xib */; };
		3D98609426ECC6A00017769D /* Routing.swift in Sources */ = {isa = PBXBuildFile; fileRef = 3D98609326ECC6A00017769D /* Routing.swift */; };
		3D98609626ECC6BF0017769D /* NavigationStyle.swift in Sources */ = {isa = PBXBuildFile; fileRef = 3D98609526ECC6BF0017769D /* NavigationStyle.swift */; };
		3D98609826ECC70A0017769D /* NavController.swift in Sources */ = {isa = PBXBuildFile; fileRef = 3D98609726ECC70A0017769D /* NavController.swift */; };
		3D98609A26ECC74A0017769D /* Navigator.swift in Sources */ = {isa = PBXBuildFile; fileRef = 3D98609926ECC74A0017769D /* Navigator.swift */; };
		3D98609C26ECCAB40017769D /* UINavigationController+NavController.swift in Sources */ = {isa = PBXBuildFile; fileRef = 3D98609B26ECCAB40017769D /* UINavigationController+NavController.swift */; };
		3DF4D86D26C01FDE0008F157 /* RecipeObject.swift in Sources */ = {isa = PBXBuildFile; fileRef = 3DF4D86C26C01FDE0008F157 /* RecipeObject.swift */; };
		3DF4D86F26C01FF40008F157 /* RecipeRequest.swift in Sources */ = {isa = PBXBuildFile; fileRef = 3DF4D86E26C01FF40008F157 /* RecipeRequest.swift */; };
		3DF4D87926C041DC0008F157 /* ListViewController.swift in Sources */ = {isa = PBXBuildFile; fileRef = 3DF4D87826C041DC0008F157 /* ListViewController.swift */; };
/* End PBXBuildFile section */

/* Begin PBXContainerItemProxy section */
		3D522B5126BD7A1B00FABC8B /* PBXContainerItemProxy */ = {
			isa = PBXContainerItemProxy;
			containerPortal = 3D522B2F26BD7A1900FABC8B /* Project object */;
			proxyType = 1;
			remoteGlobalIDString = 3D522B3626BD7A1900FABC8B;
			remoteInfo = Reciplease;
		};
		3D522B5C26BD7A1B00FABC8B /* PBXContainerItemProxy */ = {
			isa = PBXContainerItemProxy;
			containerPortal = 3D522B2F26BD7A1900FABC8B /* Project object */;
			proxyType = 1;
			remoteGlobalIDString = 3D522B3626BD7A1900FABC8B;
			remoteInfo = Reciplease;
		};
/* End PBXContainerItemProxy section */

/* Begin PBXFileReference section */
		10BE8CCEA865BF8ECE6D9E98 /* Pods-Reciplease-RecipleaseUITests.release.xcconfig */ = {isa = PBXFileReference; includeInIndex = 1; lastKnownFileType = text.xcconfig; name = "Pods-Reciplease-RecipleaseUITests.release.xcconfig"; path = "Target Support Files/Pods-Reciplease-RecipleaseUITests/Pods-Reciplease-RecipleaseUITests.release.xcconfig"; sourceTree = "<group>"; };
		36FC918344719A1AFC5097A1 /* Pods_Reciplease_RecipleaseUITests.framework */ = {isa = PBXFileReference; explicitFileType = wrapper.framework; includeInIndex = 0; path = Pods_Reciplease_RecipleaseUITests.framework; sourceTree = BUILT_PRODUCTS_DIR; };
		3D522B3726BD7A1900FABC8B /* Reciplease.app */ = {isa = PBXFileReference; explicitFileType = wrapper.application; includeInIndex = 0; path = Reciplease.app; sourceTree = BUILT_PRODUCTS_DIR; };
		3D522B3A26BD7A1900FABC8B /* AppDelegate.swift */ = {isa = PBXFileReference; lastKnownFileType = sourcecode.swift; path = AppDelegate.swift; sourceTree = "<group>"; };
		3D522B3C26BD7A1900FABC8B /* SceneDelegate.swift */ = {isa = PBXFileReference; lastKnownFileType = sourcecode.swift; path = SceneDelegate.swift; sourceTree = "<group>"; };
		3D522B4126BD7A1900FABC8B /* Base */ = {isa = PBXFileReference; lastKnownFileType = file.storyboard; name = Base; path = Base.lproj/Main.storyboard; sourceTree = "<group>"; };
		3D522B4426BD7A1900FABC8B /* Reciplease.xcdatamodel */ = {isa = PBXFileReference; lastKnownFileType = wrapper.xcdatamodel; path = Reciplease.xcdatamodel; sourceTree = "<group>"; };
		3D522B4626BD7A1B00FABC8B /* Assets.xcassets */ = {isa = PBXFileReference; lastKnownFileType = folder.assetcatalog; path = Assets.xcassets; sourceTree = "<group>"; };
		3D522B4926BD7A1B00FABC8B /* Base */ = {isa = PBXFileReference; lastKnownFileType = file.storyboard; name = Base; path = Base.lproj/LaunchScreen.storyboard; sourceTree = "<group>"; };
		3D522B4B26BD7A1B00FABC8B /* Info.plist */ = {isa = PBXFileReference; lastKnownFileType = text.plist.xml; path = Info.plist; sourceTree = "<group>"; };
		3D522B5026BD7A1B00FABC8B /* RecipleaseTests.xctest */ = {isa = PBXFileReference; explicitFileType = wrapper.cfbundle; includeInIndex = 0; path = RecipleaseTests.xctest; sourceTree = BUILT_PRODUCTS_DIR; };
		3D522B5426BD7A1B00FABC8B /* RecipleaseTests.swift */ = {isa = PBXFileReference; lastKnownFileType = sourcecode.swift; path = RecipleaseTests.swift; sourceTree = "<group>"; };
		3D522B5626BD7A1B00FABC8B /* Info.plist */ = {isa = PBXFileReference; lastKnownFileType = text.plist.xml; path = Info.plist; sourceTree = "<group>"; };
		3D522B5B26BD7A1B00FABC8B /* RecipleaseUITests.xctest */ = {isa = PBXFileReference; explicitFileType = wrapper.cfbundle; includeInIndex = 0; path = RecipleaseUITests.xctest; sourceTree = BUILT_PRODUCTS_DIR; };
		3D522B5F26BD7A1B00FABC8B /* RecipleaseUITests.swift */ = {isa = PBXFileReference; lastKnownFileType = sourcecode.swift; path = RecipleaseUITests.swift; sourceTree = "<group>"; };
		3D522B6126BD7A1B00FABC8B /* Info.plist */ = {isa = PBXFileReference; lastKnownFileType = text.plist.xml; path = Info.plist; sourceTree = "<group>"; };
		3D522B7326BD95C100FABC8B /* HomeController.swift */ = {isa = PBXFileReference; lastKnownFileType = sourcecode.swift; path = HomeController.swift; sourceTree = "<group>"; };
		3D522B7526BD96C600FABC8B /* Ingredient.swift */ = {isa = PBXFileReference; lastKnownFileType = sourcecode.swift; path = Ingredient.swift; sourceTree = "<group>"; };
		3D98607126EBB6E90017769D /* ScrollableViewModel.swift */ = {isa = PBXFileReference; lastKnownFileType = sourcecode.swift; path = ScrollableViewModel.swift; sourceTree = "<group>"; };
		3D98607326ECAC0D0017769D /* Sections.swift */ = {isa = PBXFileReference; lastKnownFileType = sourcecode.swift; path = Sections.swift; sourceTree = "<group>"; };
		3D98607526ECAC530017769D /* CellViewModel.swift */ = {isa = PBXFileReference; lastKnownFileType = sourcecode.swift; path = CellViewModel.swift; sourceTree = "<group>"; };
		3D98607726ECAD5B0017769D /* UITableViewCell+CellConfigurable.swift */ = {isa = PBXFileReference; lastKnownFileType = sourcecode.swift; path = "UITableViewCell+CellConfigurable.swift"; sourceTree = "<group>"; };
		3D98607926ECAD880017769D /* CellConfigurable.swift */ = {isa = PBXFileReference; lastKnownFileType = sourcecode.swift; path = CellConfigurable.swift; sourceTree = "<group>"; };
		3D98607C26ECB4DC0017769D /* RountingEntry.swift */ = {isa = PBXFileReference; lastKnownFileType = sourcecode.swift; path = RountingEntry.swift; sourceTree = "<group>"; };
		3D98607E26ECB50B0017769D /* Controller.swift */ = {isa = PBXFileReference; lastKnownFileType = sourcecode.swift; path = Controller.swift; sourceTree = "<group>"; };
		3D98608026ECB5670017769D /* RecipListControllerRoutingEntry.swift */ = {isa = PBXFileReference; lastKnownFileType = sourcecode.swift; path = RecipListControllerRoutingEntry.swift; sourceTree = "<group>"; };
		3D98608326ECB5F60017769D /* ListRecipViewModel.swift */ = {isa = PBXFileReference; lastKnownFileType = sourcecode.swift; path = ListRecipViewModel.swift; sourceTree = "<group>"; };
		3D98608526ECB6900017769D /* ListRecipSection.swift */ = {isa = PBXFileReference; lastKnownFileType = sourcecode.swift; path = ListRecipSection.swift; sourceTree = "<group>"; };
		3D98608726ECB83B0017769D /* RecipTableViewCell.swift */ = {isa = PBXFileReference; lastKnownFileType = sourcecode.swift; path = RecipTableViewCell.swift; sourceTree = "<group>"; };
		3D98608826ECB83B0017769D /* RecipTableViewCell.xib */ = {isa = PBXFileReference; lastKnownFileType = file.xib; path = RecipTableViewCell.xib; sourceTree = "<group>"; };
		3D98608B26ECBC1B0017769D /* RecipCellViewModel.swift */ = {isa = PBXFileReference; lastKnownFileType = sourcecode.swift; path = RecipCellViewModel.swift; sourceTree = "<group>"; };
		3D98608D26ECC10B0017769D /* UIViewController+Controller.swift */ = {isa = PBXFileReference; lastKnownFileType = sourcecode.swift; path = "UIViewController+Controller.swift"; sourceTree = "<group>"; };
		3D98608F26ECC5390017769D /* RecipListViewController.swift */ = {isa = PBXFileReference; lastKnownFileType = sourcecode.swift; path = RecipListViewController.swift; sourceTree = "<group>"; };
		3D98609026ECC5390017769D /* RecipListViewController.xib */ = {isa = PBXFileReference; lastKnownFileType = file.xib; path = RecipListViewController.xib; sourceTree = "<group>"; };
		3D98609326ECC6A00017769D /* Routing.swift */ = {isa = PBXFileReference; lastKnownFileType = sourcecode.swift; path = Routing.swift; sourceTree = "<group>"; };
		3D98609526ECC6BF0017769D /* NavigationStyle.swift */ = {isa = PBXFileReference; lastKnownFileType = sourcecode.swift; path = NavigationStyle.swift; sourceTree = "<group>"; };
		3D98609726ECC70A0017769D /* NavController.swift */ = {isa = PBXFileReference; lastKnownFileType = sourcecode.swift; path = NavController.swift; sourceTree = "<group>"; };
		3D98609926ECC74A0017769D /* Navigator.swift */ = {isa = PBXFileReference; lastKnownFileType = sourcecode.swift; path = Navigator.swift; sourceTree = "<group>"; };
		3D98609B26ECCAB40017769D /* UINavigationController+NavController.swift */ = {isa = PBXFileReference; lastKnownFileType = sourcecode.swift; path = "UINavigationController+NavController.swift"; sourceTree = "<group>"; };
		3DF4D86C26C01FDE0008F157 /* RecipeObject.swift */ = {isa = PBXFileReference; lastKnownFileType = sourcecode.swift; path = RecipeObject.swift; sourceTree = "<group>"; };
		3DF4D86E26C01FF40008F157 /* RecipeRequest.swift */ = {isa = PBXFileReference; lastKnownFileType = sourcecode.swift; path = RecipeRequest.swift; sourceTree = "<group>"; };
		3DF4D87826C041DC0008F157 /* ListViewController.swift */ = {isa = PBXFileReference; lastKnownFileType = sourcecode.swift; path = ListViewController.swift; sourceTree = "<group>"; };
		5F81A85029D9A7BB41FA0AFF /* Pods-Reciplease.debug.xcconfig */ = {isa = PBXFileReference; includeInIndex = 1; lastKnownFileType = text.xcconfig; name = "Pods-Reciplease.debug.xcconfig"; path = "Target Support Files/Pods-Reciplease/Pods-Reciplease.debug.xcconfig"; sourceTree = "<group>"; };
		653D0A9A50899C97E32ADF56 /* Pods-Reciplease.release.xcconfig */ = {isa = PBXFileReference; includeInIndex = 1; lastKnownFileType = text.xcconfig; name = "Pods-Reciplease.release.xcconfig"; path = "Target Support Files/Pods-Reciplease/Pods-Reciplease.release.xcconfig"; sourceTree = "<group>"; };
		6AC69730CC442C5AA8B569FE /* Pods_Reciplease.framework */ = {isa = PBXFileReference; explicitFileType = wrapper.framework; includeInIndex = 0; path = Pods_Reciplease.framework; sourceTree = BUILT_PRODUCTS_DIR; };
		8E10E79C30ADEE43E66F5F92 /* Pods-RecipleaseTests.release.xcconfig */ = {isa = PBXFileReference; includeInIndex = 1; lastKnownFileType = text.xcconfig; name = "Pods-RecipleaseTests.release.xcconfig"; path = "Target Support Files/Pods-RecipleaseTests/Pods-RecipleaseTests.release.xcconfig"; sourceTree = "<group>"; };
		B53290EFA84848AAC9B5BC4A /* Pods_RecipleaseTests.framework */ = {isa = PBXFileReference; explicitFileType = wrapper.framework; includeInIndex = 0; path = Pods_RecipleaseTests.framework; sourceTree = BUILT_PRODUCTS_DIR; };
		C075E44F34FED7F3D7E26F9A /* Pods-Reciplease-RecipleaseUITests.debug.xcconfig */ = {isa = PBXFileReference; includeInIndex = 1; lastKnownFileType = text.xcconfig; name = "Pods-Reciplease-RecipleaseUITests.debug.xcconfig"; path = "Target Support Files/Pods-Reciplease-RecipleaseUITests/Pods-Reciplease-RecipleaseUITests.debug.xcconfig"; sourceTree = "<group>"; };
		E8821F5756311D7E3FD411E8 /* Pods-RecipleaseTests.debug.xcconfig */ = {isa = PBXFileReference; includeInIndex = 1; lastKnownFileType = text.xcconfig; name = "Pods-RecipleaseTests.debug.xcconfig"; path = "Target Support Files/Pods-RecipleaseTests/Pods-RecipleaseTests.debug.xcconfig"; sourceTree = "<group>"; };
/* End PBXFileReference section */

/* Begin PBXFrameworksBuildPhase section */
		3D522B3426BD7A1900FABC8B /* Frameworks */ = {
			isa = PBXFrameworksBuildPhase;
			buildActionMask = 2147483647;
			files = (
				19F634C18841053F8AE0E2E2 /* Pods_Reciplease.framework in Frameworks */,
			);
			runOnlyForDeploymentPostprocessing = 0;
		};
		3D522B4D26BD7A1B00FABC8B /* Frameworks */ = {
			isa = PBXFrameworksBuildPhase;
			buildActionMask = 2147483647;
			files = (
				1CEC5184DD8942CFBA1289E6 /* Pods_RecipleaseTests.framework in Frameworks */,
			);
			runOnlyForDeploymentPostprocessing = 0;
		};
		3D522B5826BD7A1B00FABC8B /* Frameworks */ = {
			isa = PBXFrameworksBuildPhase;
			buildActionMask = 2147483647;
			files = (
				20E9C7D6707D207F8BBA8747 /* Pods_Reciplease_RecipleaseUITests.framework in Frameworks */,
			);
			runOnlyForDeploymentPostprocessing = 0;
		};
/* End PBXFrameworksBuildPhase section */

/* Begin PBXGroup section */
		3D522B2E26BD7A1900FABC8B = {
			isa = PBXGroup;
			children = (
				3D522B3926BD7A1900FABC8B /* Reciplease */,
				3D522B6E26BD7A9300FABC8B /* View */,
				3D522B5326BD7A1B00FABC8B /* RecipleaseTests */,
				3D522B5E26BD7A1B00FABC8B /* RecipleaseUITests */,
				3D522B3826BD7A1900FABC8B /* Products */,
				D3390C85790667372EF70188 /* Pods */,
				6D9E2FF3EF99EB9D69DF8B9E /* Frameworks */,
			);
			sourceTree = "<group>";
		};
		3D522B3826BD7A1900FABC8B /* Products */ = {
			isa = PBXGroup;
			children = (
				3D522B3726BD7A1900FABC8B /* Reciplease.app */,
				3D522B5026BD7A1B00FABC8B /* RecipleaseTests.xctest */,
				3D522B5B26BD7A1B00FABC8B /* RecipleaseUITests.xctest */,
			);
			name = Products;
			sourceTree = "<group>";
		};
		3D522B3926BD7A1900FABC8B /* Reciplease */ = {
			isa = PBXGroup;
			children = (
				3D98607B26ECB4C30017769D /* Navigation */,
				3D522B4B26BD7A1B00FABC8B /* Info.plist */,
				3D522B7026BD7AB000FABC8B /* Supporting Files */,
				3D522B6F26BD7A9C00FABC8B /* Controller */,
				3D98606D26EBB6000017769D /* ViewModel */,
				3D522B6D26BD7A8C00FABC8B /* Model */,
			);
			path = Reciplease;
			sourceTree = "<group>";
		};
		3D522B5326BD7A1B00FABC8B /* RecipleaseTests */ = {
			isa = PBXGroup;
			children = (
				3D522B5426BD7A1B00FABC8B /* RecipleaseTests.swift */,
				3D522B5626BD7A1B00FABC8B /* Info.plist */,
			);
			path = RecipleaseTests;
			sourceTree = "<group>";
		};
		3D522B5E26BD7A1B00FABC8B /* RecipleaseUITests */ = {
			isa = PBXGroup;
			children = (
				3D522B5F26BD7A1B00FABC8B /* RecipleaseUITests.swift */,
				3D522B6126BD7A1B00FABC8B /* Info.plist */,
			);
			path = RecipleaseUITests;
			sourceTree = "<group>";
		};
		3D522B6D26BD7A8C00FABC8B /* Model */ = {
			isa = PBXGroup;
			children = (
				3D522B7526BD96C600FABC8B /* Ingredient.swift */,
				3DF4D86C26C01FDE0008F157 /* RecipeObject.swift */,
				3DF4D86E26C01FF40008F157 /* RecipeRequest.swift */,
			);
			path = Model;
			sourceTree = "<group>";
		};
		3D522B6E26BD7A9300FABC8B /* View */ = {
			isa = PBXGroup;
			children = (
				3D522B4026BD7A1900FABC8B /* Main.storyboard */,
				3D98608726ECB83B0017769D /* RecipTableViewCell.swift */,
				3D98608826ECB83B0017769D /* RecipTableViewCell.xib */,
			);
			path = View;
			sourceTree = "<group>";
		};
		3D522B6F26BD7A9C00FABC8B /* Controller */ = {
			isa = PBXGroup;
			children = (
				3D522B7326BD95C100FABC8B /* HomeController.swift */,
				3DF4D87826C041DC0008F157 /* ListViewController.swift */,
				3D98608F26ECC5390017769D /* RecipListViewController.swift */,
				3D98609026ECC5390017769D /* RecipListViewController.xib */,
			);
			path = Controller;
			sourceTree = "<group>";
		};
		3D522B7026BD7AB000FABC8B /* Supporting Files */ = {
			isa = PBXGroup;
			children = (
				3D522B4826BD7A1B00FABC8B /* LaunchScreen.storyboard */,
				3D522B4326BD7A1900FABC8B /* Reciplease.xcdatamodeld */,
				3D522B4626BD7A1B00FABC8B /* Assets.xcassets */,
				3D522B3C26BD7A1900FABC8B /* SceneDelegate.swift */,
				3D522B3A26BD7A1900FABC8B /* AppDelegate.swift */,
			);
			path = "Supporting Files";
			sourceTree = "<group>";
		};
		3D98606D26EBB6000017769D /* ViewModel */ = {
			isa = PBXGroup;
			children = (
				3D98608226ECB5E10017769D /* ViewModel */,
				3D98607026EBB6B10017769D /* Protocols */,
				3D98606E26EBB6360017769D /* Sections */,
				3D98606F26EBB6570017769D /* CellViewModel */,
			);
			path = ViewModel;
			sourceTree = "<group>";
		};
		3D98606E26EBB6360017769D /* Sections */ = {
			isa = PBXGroup;
			children = (
				3D98608526ECB6900017769D /* ListRecipSection.swift */,
			);
			path = Sections;
			sourceTree = "<group>";
		};
		3D98606F26EBB6570017769D /* CellViewModel */ = {
			isa = PBXGroup;
			children = (
				3D98608B26ECBC1B0017769D /* RecipCellViewModel.swift */,
			);
			path = CellViewModel;
			sourceTree = "<group>";
		};
		3D98607026EBB6B10017769D /* Protocols */ = {
			isa = PBXGroup;
			children = (
				3D98607126EBB6E90017769D /* ScrollableViewModel.swift */,
				3D98607326ECAC0D0017769D /* Sections.swift */,
				3D98607526ECAC530017769D /* CellViewModel.swift */,
				3D98607726ECAD5B0017769D /* UITableViewCell+CellConfigurable.swift */,
				3D98607926ECAD880017769D /* CellConfigurable.swift */,
			);
			path = Protocols;
			sourceTree = "<group>";
		};
		3D98607B26ECB4C30017769D /* Navigation */ = {
			isa = PBXGroup;
			children = (
				3D98607C26ECB4DC0017769D /* RountingEntry.swift */,
				3D98607E26ECB50B0017769D /* Controller.swift */,
				3D98608026ECB5670017769D /* RecipListControllerRoutingEntry.swift */,
				3D98608D26ECC10B0017769D /* UIViewController+Controller.swift */,
				3D98609326ECC6A00017769D /* Routing.swift */,
				3D98609526ECC6BF0017769D /* NavigationStyle.swift */,
				3D98609726ECC70A0017769D /* NavController.swift */,
				3D98609926ECC74A0017769D /* Navigator.swift */,
				3D98609B26ECCAB40017769D /* UINavigationController+NavController.swift */,
			);
			path = Navigation;
			sourceTree = "<group>";
		};
		3D98608226ECB5E10017769D /* ViewModel */ = {
			isa = PBXGroup;
			children = (
				3D98608326ECB5F60017769D /* ListRecipViewModel.swift */,
			);
			path = ViewModel;
			sourceTree = "<group>";
		};
		6D9E2FF3EF99EB9D69DF8B9E /* Frameworks */ = {
			isa = PBXGroup;
			children = (
				6AC69730CC442C5AA8B569FE /* Pods_Reciplease.framework */,
				36FC918344719A1AFC5097A1 /* Pods_Reciplease_RecipleaseUITests.framework */,
				B53290EFA84848AAC9B5BC4A /* Pods_RecipleaseTests.framework */,
			);
			name = Frameworks;
			sourceTree = "<group>";
		};
		D3390C85790667372EF70188 /* Pods */ = {
			isa = PBXGroup;
			children = (
				5F81A85029D9A7BB41FA0AFF /* Pods-Reciplease.debug.xcconfig */,
				653D0A9A50899C97E32ADF56 /* Pods-Reciplease.release.xcconfig */,
				C075E44F34FED7F3D7E26F9A /* Pods-Reciplease-RecipleaseUITests.debug.xcconfig */,
				10BE8CCEA865BF8ECE6D9E98 /* Pods-Reciplease-RecipleaseUITests.release.xcconfig */,
				E8821F5756311D7E3FD411E8 /* Pods-RecipleaseTests.debug.xcconfig */,
				8E10E79C30ADEE43E66F5F92 /* Pods-RecipleaseTests.release.xcconfig */,
			);
			path = Pods;
			sourceTree = "<group>";
		};
/* End PBXGroup section */

/* Begin PBXNativeTarget section */
		3D522B3626BD7A1900FABC8B /* Reciplease */ = {
			isa = PBXNativeTarget;
			buildConfigurationList = 3D522B6426BD7A1B00FABC8B /* Build configuration list for PBXNativeTarget "Reciplease" */;
			buildPhases = (
				9CC108C0D6FCAED261206766 /* [CP] Check Pods Manifest.lock */,
				3D522B3326BD7A1900FABC8B /* Sources */,
				3D522B3426BD7A1900FABC8B /* Frameworks */,
				3D522B3526BD7A1900FABC8B /* Resources */,
				3B0C7300979575663A2600EC /* [CP] Embed Pods Frameworks */,
			);
			buildRules = (
			);
			dependencies = (
			);
			name = Reciplease;
			productName = Reciplease;
			productReference = 3D522B3726BD7A1900FABC8B /* Reciplease.app */;
			productType = "com.apple.product-type.application";
		};
		3D522B4F26BD7A1B00FABC8B /* RecipleaseTests */ = {
			isa = PBXNativeTarget;
			buildConfigurationList = 3D522B6726BD7A1B00FABC8B /* Build configuration list for PBXNativeTarget "RecipleaseTests" */;
			buildPhases = (
				32C72499E7CCE245EAE1C0BE /* [CP] Check Pods Manifest.lock */,
				3D522B4C26BD7A1B00FABC8B /* Sources */,
				3D522B4D26BD7A1B00FABC8B /* Frameworks */,
				3D522B4E26BD7A1B00FABC8B /* Resources */,
			);
			buildRules = (
			);
			dependencies = (
				3D522B5226BD7A1B00FABC8B /* PBXTargetDependency */,
			);
			name = RecipleaseTests;
			productName = RecipleaseTests;
			productReference = 3D522B5026BD7A1B00FABC8B /* RecipleaseTests.xctest */;
			productType = "com.apple.product-type.bundle.unit-test";
		};
		3D522B5A26BD7A1B00FABC8B /* RecipleaseUITests */ = {
			isa = PBXNativeTarget;
			buildConfigurationList = 3D522B6A26BD7A1B00FABC8B /* Build configuration list for PBXNativeTarget "RecipleaseUITests" */;
			buildPhases = (
				D11A67D61549715C20CDAAEA /* [CP] Check Pods Manifest.lock */,
				3D522B5726BD7A1B00FABC8B /* Sources */,
				3D522B5826BD7A1B00FABC8B /* Frameworks */,
				3D522B5926BD7A1B00FABC8B /* Resources */,
				31FE0F049EB8F2341ED4B9CF /* [CP] Embed Pods Frameworks */,
			);
			buildRules = (
			);
			dependencies = (
				3D522B5D26BD7A1B00FABC8B /* PBXTargetDependency */,
			);
			name = RecipleaseUITests;
			productName = RecipleaseUITests;
			productReference = 3D522B5B26BD7A1B00FABC8B /* RecipleaseUITests.xctest */;
			productType = "com.apple.product-type.bundle.ui-testing";
		};
/* End PBXNativeTarget section */

/* Begin PBXProject section */
		3D522B2F26BD7A1900FABC8B /* Project object */ = {
			isa = PBXProject;
			attributes = {
				LastSwiftUpdateCheck = 1250;
				LastUpgradeCheck = 1250;
				TargetAttributes = {
					3D522B3626BD7A1900FABC8B = {
						CreatedOnToolsVersion = 12.5.1;
					};
					3D522B4F26BD7A1B00FABC8B = {
						CreatedOnToolsVersion = 12.5.1;
						TestTargetID = 3D522B3626BD7A1900FABC8B;
					};
					3D522B5A26BD7A1B00FABC8B = {
						CreatedOnToolsVersion = 12.5.1;
						TestTargetID = 3D522B3626BD7A1900FABC8B;
					};
				};
			};
			buildConfigurationList = 3D522B3226BD7A1900FABC8B /* Build configuration list for PBXProject "Reciplease" */;
			compatibilityVersion = "Xcode 9.3";
			developmentRegion = en;
			hasScannedForEncodings = 0;
			knownRegions = (
				en,
				Base,
			);
			mainGroup = 3D522B2E26BD7A1900FABC8B;
			productRefGroup = 3D522B3826BD7A1900FABC8B /* Products */;
			projectDirPath = "";
			projectRoot = "";
			targets = (
				3D522B3626BD7A1900FABC8B /* Reciplease */,
				3D522B4F26BD7A1B00FABC8B /* RecipleaseTests */,
				3D522B5A26BD7A1B00FABC8B /* RecipleaseUITests */,
			);
		};
/* End PBXProject section */

/* Begin PBXResourcesBuildPhase section */
		3D522B3526BD7A1900FABC8B /* Resources */ = {
			isa = PBXResourcesBuildPhase;
			buildActionMask = 2147483647;
			files = (
				3D522B4A26BD7A1B00FABC8B /* LaunchScreen.storyboard in Resources */,
				3D98609226ECC5390017769D /* RecipListViewController.xib in Resources */,
				3D98608A26ECB83B0017769D /* RecipTableViewCell.xib in Resources */,
				3D522B4726BD7A1B00FABC8B /* Assets.xcassets in Resources */,
				3D522B4226BD7A1900FABC8B /* Main.storyboard in Resources */,
			);
			runOnlyForDeploymentPostprocessing = 0;
		};
		3D522B4E26BD7A1B00FABC8B /* Resources */ = {
			isa = PBXResourcesBuildPhase;
			buildActionMask = 2147483647;
			files = (
			);
			runOnlyForDeploymentPostprocessing = 0;
		};
		3D522B5926BD7A1B00FABC8B /* Resources */ = {
			isa = PBXResourcesBuildPhase;
			buildActionMask = 2147483647;
			files = (
			);
			runOnlyForDeploymentPostprocessing = 0;
		};
/* End PBXResourcesBuildPhase section */

/* Begin PBXShellScriptBuildPhase section */
		31FE0F049EB8F2341ED4B9CF /* [CP] Embed Pods Frameworks */ = {
			isa = PBXShellScriptBuildPhase;
			buildActionMask = 2147483647;
			files = (
			);
			inputFileListPaths = (
				"${PODS_ROOT}/Target Support Files/Pods-Reciplease-RecipleaseUITests/Pods-Reciplease-RecipleaseUITests-frameworks-${CONFIGURATION}-input-files.xcfilelist",
			);
			name = "[CP] Embed Pods Frameworks";
			outputFileListPaths = (
				"${PODS_ROOT}/Target Support Files/Pods-Reciplease-RecipleaseUITests/Pods-Reciplease-RecipleaseUITests-frameworks-${CONFIGURATION}-output-files.xcfilelist",
			);
			runOnlyForDeploymentPostprocessing = 0;
			shellPath = /bin/sh;
			shellScript = "\"${PODS_ROOT}/Target Support Files/Pods-Reciplease-RecipleaseUITests/Pods-Reciplease-RecipleaseUITests-frameworks.sh\"\n";
			showEnvVarsInLog = 0;
		};
		32C72499E7CCE245EAE1C0BE /* [CP] Check Pods Manifest.lock */ = {
			isa = PBXShellScriptBuildPhase;
			buildActionMask = 2147483647;
			files = (
			);
			inputFileListPaths = (
			);
			inputPaths = (
				"${PODS_PODFILE_DIR_PATH}/Podfile.lock",
				"${PODS_ROOT}/Manifest.lock",
			);
			name = "[CP] Check Pods Manifest.lock";
			outputFileListPaths = (
			);
			outputPaths = (
				"$(DERIVED_FILE_DIR)/Pods-RecipleaseTests-checkManifestLockResult.txt",
			);
			runOnlyForDeploymentPostprocessing = 0;
			shellPath = /bin/sh;
			shellScript = "diff \"${PODS_PODFILE_DIR_PATH}/Podfile.lock\" \"${PODS_ROOT}/Manifest.lock\" > /dev/null\nif [ $? != 0 ] ; then\n    # print error to STDERR\n    echo \"error: The sandbox is not in sync with the Podfile.lock. Run 'pod install' or update your CocoaPods installation.\" >&2\n    exit 1\nfi\n# This output is used by Xcode 'outputs' to avoid re-running this script phase.\necho \"SUCCESS\" > \"${SCRIPT_OUTPUT_FILE_0}\"\n";
			showEnvVarsInLog = 0;
		};
		3B0C7300979575663A2600EC /* [CP] Embed Pods Frameworks */ = {
			isa = PBXShellScriptBuildPhase;
			buildActionMask = 2147483647;
			files = (
			);
			inputFileListPaths = (
				"${PODS_ROOT}/Target Support Files/Pods-Reciplease/Pods-Reciplease-frameworks-${CONFIGURATION}-input-files.xcfilelist",
			);
			name = "[CP] Embed Pods Frameworks";
			outputFileListPaths = (
				"${PODS_ROOT}/Target Support Files/Pods-Reciplease/Pods-Reciplease-frameworks-${CONFIGURATION}-output-files.xcfilelist",
			);
			runOnlyForDeploymentPostprocessing = 0;
			shellPath = /bin/sh;
			shellScript = "\"${PODS_ROOT}/Target Support Files/Pods-Reciplease/Pods-Reciplease-frameworks.sh\"\n";
			showEnvVarsInLog = 0;
		};
		9CC108C0D6FCAED261206766 /* [CP] Check Pods Manifest.lock */ = {
			isa = PBXShellScriptBuildPhase;
			buildActionMask = 2147483647;
			files = (
			);
			inputFileListPaths = (
			);
			inputPaths = (
				"${PODS_PODFILE_DIR_PATH}/Podfile.lock",
				"${PODS_ROOT}/Manifest.lock",
			);
			name = "[CP] Check Pods Manifest.lock";
			outputFileListPaths = (
			);
			outputPaths = (
				"$(DERIVED_FILE_DIR)/Pods-Reciplease-checkManifestLockResult.txt",
			);
			runOnlyForDeploymentPostprocessing = 0;
			shellPath = /bin/sh;
			shellScript = "diff \"${PODS_PODFILE_DIR_PATH}/Podfile.lock\" \"${PODS_ROOT}/Manifest.lock\" > /dev/null\nif [ $? != 0 ] ; then\n    # print error to STDERR\n    echo \"error: The sandbox is not in sync with the Podfile.lock. Run 'pod install' or update your CocoaPods installation.\" >&2\n    exit 1\nfi\n# This output is used by Xcode 'outputs' to avoid re-running this script phase.\necho \"SUCCESS\" > \"${SCRIPT_OUTPUT_FILE_0}\"\n";
			showEnvVarsInLog = 0;
		};
		D11A67D61549715C20CDAAEA /* [CP] Check Pods Manifest.lock */ = {
			isa = PBXShellScriptBuildPhase;
			buildActionMask = 2147483647;
			files = (
			);
			inputFileListPaths = (
			);
			inputPaths = (
				"${PODS_PODFILE_DIR_PATH}/Podfile.lock",
				"${PODS_ROOT}/Manifest.lock",
			);
			name = "[CP] Check Pods Manifest.lock";
			outputFileListPaths = (
			);
			outputPaths = (
				"$(DERIVED_FILE_DIR)/Pods-Reciplease-RecipleaseUITests-checkManifestLockResult.txt",
			);
			runOnlyForDeploymentPostprocessing = 0;
			shellPath = /bin/sh;
			shellScript = "diff \"${PODS_PODFILE_DIR_PATH}/Podfile.lock\" \"${PODS_ROOT}/Manifest.lock\" > /dev/null\nif [ $? != 0 ] ; then\n    # print error to STDERR\n    echo \"error: The sandbox is not in sync with the Podfile.lock. Run 'pod install' or update your CocoaPods installation.\" >&2\n    exit 1\nfi\n# This output is used by Xcode 'outputs' to avoid re-running this script phase.\necho \"SUCCESS\" > \"${SCRIPT_OUTPUT_FILE_0}\"\n";
			showEnvVarsInLog = 0;
		};
/* End PBXShellScriptBuildPhase section */

/* Begin PBXSourcesBuildPhase section */
		3D522B3326BD7A1900FABC8B /* Sources */ = {
			isa = PBXSourcesBuildPhase;
			buildActionMask = 2147483647;
			files = (
				3D98608126ECB5670017769D /* RecipListControllerRoutingEntry.swift in Sources */,
				3D98609626ECC6BF0017769D /* NavigationStyle.swift in Sources */,
				3D98607426ECAC0D0017769D /* Sections.swift in Sources */,
				3D98609A26ECC74A0017769D /* Navigator.swift in Sources */,
				3D98608C26ECBC1B0017769D /* RecipCellViewModel.swift in Sources */,
				3D522B4526BD7A1900FABC8B /* Reciplease.xcdatamodeld in Sources */,
				3D98607A26ECAD880017769D /* CellConfigurable.swift in Sources */,
				3D522B7626BD96C600FABC8B /* Ingredient.swift in Sources */,
				3D98609426ECC6A00017769D /* Routing.swift in Sources */,
				3D98608926ECB83B0017769D /* RecipTableViewCell.swift in Sources */,
				3DF4D86D26C01FDE0008F157 /* RecipeObject.swift in Sources */,
				3D98609826ECC70A0017769D /* NavController.swift in Sources */,
				3D98608E26ECC10B0017769D /* UIViewController+Controller.swift in Sources */,
				3D522B3B26BD7A1900FABC8B /* AppDelegate.swift in Sources */,
				3D98607826ECAD5B0017769D /* UITableViewCell+CellConfigurable.swift in Sources */,
				3D98608626ECB6900017769D /* ListRecipSection.swift in Sources */,
				3D98608426ECB5F60017769D /* ListRecipViewModel.swift in Sources */,
				3D522B3D26BD7A1900FABC8B /* SceneDelegate.swift in Sources */,
				3D98607226EBB6E90017769D /* ScrollableViewModel.swift in Sources */,
				3DF4D87926C041DC0008F157 /* ListViewController.swift in Sources */,
				3D98609126ECC5390017769D /* RecipListViewController.swift in Sources */,
				3D522B7426BD95C100FABC8B /* HomeController.swift in Sources */,
				3D98609C26ECCAB40017769D /* UINavigationController+NavController.swift in Sources */,
				3DF4D86F26C01FF40008F157 /* RecipeRequest.swift in Sources */,
				3D98607626ECAC530017769D /* CellViewModel.swift in Sources */,
				3D98607D26ECB4DC0017769D /* RountingEntry.swift in Sources */,
				3D98607F26ECB50B0017769D /* Controller.swift in Sources */,
			);
			runOnlyForDeploymentPostprocessing = 0;
		};
		3D522B4C26BD7A1B00FABC8B /* Sources */ = {
			isa = PBXSourcesBuildPhase;
			buildActionMask = 2147483647;
			files = (
				3D522B5526BD7A1B00FABC8B /* RecipleaseTests.swift in Sources */,
			);
			runOnlyForDeploymentPostprocessing = 0;
		};
		3D522B5726BD7A1B00FABC8B /* Sources */ = {
			isa = PBXSourcesBuildPhase;
			buildActionMask = 2147483647;
			files = (
				3D522B6026BD7A1B00FABC8B /* RecipleaseUITests.swift in Sources */,
			);
			runOnlyForDeploymentPostprocessing = 0;
		};
/* End PBXSourcesBuildPhase section */

/* Begin PBXTargetDependency section */
		3D522B5226BD7A1B00FABC8B /* PBXTargetDependency */ = {
			isa = PBXTargetDependency;
			target = 3D522B3626BD7A1900FABC8B /* Reciplease */;
			targetProxy = 3D522B5126BD7A1B00FABC8B /* PBXContainerItemProxy */;
		};
		3D522B5D26BD7A1B00FABC8B /* PBXTargetDependency */ = {
			isa = PBXTargetDependency;
			target = 3D522B3626BD7A1900FABC8B /* Reciplease */;
			targetProxy = 3D522B5C26BD7A1B00FABC8B /* PBXContainerItemProxy */;
		};
/* End PBXTargetDependency section */

/* Begin PBXVariantGroup section */
		3D522B4026BD7A1900FABC8B /* Main.storyboard */ = {
			isa = PBXVariantGroup;
			children = (
				3D522B4126BD7A1900FABC8B /* Base */,
			);
			name = Main.storyboard;
			sourceTree = "<group>";
		};
		3D522B4826BD7A1B00FABC8B /* LaunchScreen.storyboard */ = {
			isa = PBXVariantGroup;
			children = (
				3D522B4926BD7A1B00FABC8B /* Base */,
			);
			name = LaunchScreen.storyboard;
			sourceTree = "<group>";
		};
/* End PBXVariantGroup section */

/* Begin XCBuildConfiguration section */
		3D522B6226BD7A1B00FABC8B /* Debug */ = {
			isa = XCBuildConfiguration;
			buildSettings = {
				ALWAYS_SEARCH_USER_PATHS = NO;
				CLANG_ANALYZER_NONNULL = YES;
				CLANG_ANALYZER_NUMBER_OBJECT_CONVERSION = YES_AGGRESSIVE;
				CLANG_CXX_LANGUAGE_STANDARD = "gnu++14";
				CLANG_CXX_LIBRARY = "libc++";
				CLANG_ENABLE_MODULES = YES;
				CLANG_ENABLE_OBJC_ARC = YES;
				CLANG_ENABLE_OBJC_WEAK = YES;
				CLANG_WARN_BLOCK_CAPTURE_AUTORELEASING = YES;
				CLANG_WARN_BOOL_CONVERSION = YES;
				CLANG_WARN_COMMA = YES;
				CLANG_WARN_CONSTANT_CONVERSION = YES;
				CLANG_WARN_DEPRECATED_OBJC_IMPLEMENTATIONS = YES;
				CLANG_WARN_DIRECT_OBJC_ISA_USAGE = YES_ERROR;
				CLANG_WARN_DOCUMENTATION_COMMENTS = YES;
				CLANG_WARN_EMPTY_BODY = YES;
				CLANG_WARN_ENUM_CONVERSION = YES;
				CLANG_WARN_INFINITE_RECURSION = YES;
				CLANG_WARN_INT_CONVERSION = YES;
				CLANG_WARN_NON_LITERAL_NULL_CONVERSION = YES;
				CLANG_WARN_OBJC_IMPLICIT_RETAIN_SELF = YES;
				CLANG_WARN_OBJC_LITERAL_CONVERSION = YES;
				CLANG_WARN_OBJC_ROOT_CLASS = YES_ERROR;
				CLANG_WARN_QUOTED_INCLUDE_IN_FRAMEWORK_HEADER = YES;
				CLANG_WARN_RANGE_LOOP_ANALYSIS = YES;
				CLANG_WARN_STRICT_PROTOTYPES = YES;
				CLANG_WARN_SUSPICIOUS_MOVE = YES;
				CLANG_WARN_UNGUARDED_AVAILABILITY = YES_AGGRESSIVE;
				CLANG_WARN_UNREACHABLE_CODE = YES;
				CLANG_WARN__DUPLICATE_METHOD_MATCH = YES;
				COPY_PHASE_STRIP = NO;
				DEBUG_INFORMATION_FORMAT = dwarf;
				ENABLE_STRICT_OBJC_MSGSEND = YES;
				ENABLE_TESTABILITY = YES;
				GCC_C_LANGUAGE_STANDARD = gnu11;
				GCC_DYNAMIC_NO_PIC = NO;
				GCC_NO_COMMON_BLOCKS = YES;
				GCC_OPTIMIZATION_LEVEL = 0;
				GCC_PREPROCESSOR_DEFINITIONS = (
					"DEBUG=1",
					"$(inherited)",
				);
				GCC_WARN_64_TO_32_BIT_CONVERSION = YES;
				GCC_WARN_ABOUT_RETURN_TYPE = YES_ERROR;
				GCC_WARN_UNDECLARED_SELECTOR = YES;
				GCC_WARN_UNINITIALIZED_AUTOS = YES_AGGRESSIVE;
				GCC_WARN_UNUSED_FUNCTION = YES;
				GCC_WARN_UNUSED_VARIABLE = YES;
				IPHONEOS_DEPLOYMENT_TARGET = 14.5;
				MTL_ENABLE_DEBUG_INFO = INCLUDE_SOURCE;
				MTL_FAST_MATH = YES;
				ONLY_ACTIVE_ARCH = YES;
				SDKROOT = iphoneos;
				SWIFT_ACTIVE_COMPILATION_CONDITIONS = DEBUG;
				SWIFT_OPTIMIZATION_LEVEL = "-Onone";
			};
			name = Debug;
		};
		3D522B6326BD7A1B00FABC8B /* Release */ = {
			isa = XCBuildConfiguration;
			buildSettings = {
				ALWAYS_SEARCH_USER_PATHS = NO;
				CLANG_ANALYZER_NONNULL = YES;
				CLANG_ANALYZER_NUMBER_OBJECT_CONVERSION = YES_AGGRESSIVE;
				CLANG_CXX_LANGUAGE_STANDARD = "gnu++14";
				CLANG_CXX_LIBRARY = "libc++";
				CLANG_ENABLE_MODULES = YES;
				CLANG_ENABLE_OBJC_ARC = YES;
				CLANG_ENABLE_OBJC_WEAK = YES;
				CLANG_WARN_BLOCK_CAPTURE_AUTORELEASING = YES;
				CLANG_WARN_BOOL_CONVERSION = YES;
				CLANG_WARN_COMMA = YES;
				CLANG_WARN_CONSTANT_CONVERSION = YES;
				CLANG_WARN_DEPRECATED_OBJC_IMPLEMENTATIONS = YES;
				CLANG_WARN_DIRECT_OBJC_ISA_USAGE = YES_ERROR;
				CLANG_WARN_DOCUMENTATION_COMMENTS = YES;
				CLANG_WARN_EMPTY_BODY = YES;
				CLANG_WARN_ENUM_CONVERSION = YES;
				CLANG_WARN_INFINITE_RECURSION = YES;
				CLANG_WARN_INT_CONVERSION = YES;
				CLANG_WARN_NON_LITERAL_NULL_CONVERSION = YES;
				CLANG_WARN_OBJC_IMPLICIT_RETAIN_SELF = YES;
				CLANG_WARN_OBJC_LITERAL_CONVERSION = YES;
				CLANG_WARN_OBJC_ROOT_CLASS = YES_ERROR;
				CLANG_WARN_QUOTED_INCLUDE_IN_FRAMEWORK_HEADER = YES;
				CLANG_WARN_RANGE_LOOP_ANALYSIS = YES;
				CLANG_WARN_STRICT_PROTOTYPES = YES;
				CLANG_WARN_SUSPICIOUS_MOVE = YES;
				CLANG_WARN_UNGUARDED_AVAILABILITY = YES_AGGRESSIVE;
				CLANG_WARN_UNREACHABLE_CODE = YES;
				CLANG_WARN__DUPLICATE_METHOD_MATCH = YES;
				COPY_PHASE_STRIP = NO;
				DEBUG_INFORMATION_FORMAT = "dwarf-with-dsym";
				ENABLE_NS_ASSERTIONS = NO;
				ENABLE_STRICT_OBJC_MSGSEND = YES;
				GCC_C_LANGUAGE_STANDARD = gnu11;
				GCC_NO_COMMON_BLOCKS = YES;
				GCC_WARN_64_TO_32_BIT_CONVERSION = YES;
				GCC_WARN_ABOUT_RETURN_TYPE = YES_ERROR;
				GCC_WARN_UNDECLARED_SELECTOR = YES;
				GCC_WARN_UNINITIALIZED_AUTOS = YES_AGGRESSIVE;
				GCC_WARN_UNUSED_FUNCTION = YES;
				GCC_WARN_UNUSED_VARIABLE = YES;
				IPHONEOS_DEPLOYMENT_TARGET = 14.5;
				MTL_ENABLE_DEBUG_INFO = NO;
				MTL_FAST_MATH = YES;
				SDKROOT = iphoneos;
				SWIFT_COMPILATION_MODE = wholemodule;
				SWIFT_OPTIMIZATION_LEVEL = "-O";
				VALIDATE_PRODUCT = YES;
			};
			name = Release;
		};
		3D522B6526BD7A1B00FABC8B /* Debug */ = {
			isa = XCBuildConfiguration;
			baseConfigurationReference = 5F81A85029D9A7BB41FA0AFF /* Pods-Reciplease.debug.xcconfig */;
			buildSettings = {
				ASSETCATALOG_COMPILER_APPICON_NAME = AppIcon;
				ASSETCATALOG_COMPILER_GLOBAL_ACCENT_COLOR_NAME = AccentColor;
				CODE_SIGN_STYLE = Automatic;
				DEVELOPMENT_TEAM = "";
				INFOPLIST_FILE = Reciplease/Info.plist;
				LD_RUNPATH_SEARCH_PATHS = (
					"$(inherited)",
					"@executable_path/Frameworks",
				);
				PRODUCT_BUNDLE_IDENTIFIER = "Debehogne-David.Reciplease";
				PRODUCT_NAME = "$(TARGET_NAME)";
				SWIFT_VERSION = 5.0;
				TARGETED_DEVICE_FAMILY = "1,2";
			};
			name = Debug;
		};
		3D522B6626BD7A1B00FABC8B /* Release */ = {
			isa = XCBuildConfiguration;
			baseConfigurationReference = 653D0A9A50899C97E32ADF56 /* Pods-Reciplease.release.xcconfig */;
			buildSettings = {
				ASSETCATALOG_COMPILER_APPICON_NAME = AppIcon;
				ASSETCATALOG_COMPILER_GLOBAL_ACCENT_COLOR_NAME = AccentColor;
				CODE_SIGN_STYLE = Automatic;
				DEVELOPMENT_TEAM = "";
				INFOPLIST_FILE = Reciplease/Info.plist;
				LD_RUNPATH_SEARCH_PATHS = (
					"$(inherited)",
					"@executable_path/Frameworks",
				);
				PRODUCT_BUNDLE_IDENTIFIER = "Debehogne-David.Reciplease";
				PRODUCT_NAME = "$(TARGET_NAME)";
				SWIFT_VERSION = 5.0;
				TARGETED_DEVICE_FAMILY = "1,2";
			};
			name = Release;
		};
		3D522B6826BD7A1B00FABC8B /* Debug */ = {
			isa = XCBuildConfiguration;
			baseConfigurationReference = E8821F5756311D7E3FD411E8 /* Pods-RecipleaseTests.debug.xcconfig */;
			buildSettings = {
				ALWAYS_EMBED_SWIFT_STANDARD_LIBRARIES = YES;
				BUNDLE_LOADER = "$(TEST_HOST)";
				CODE_SIGN_STYLE = Automatic;
				DEVELOPMENT_TEAM = KWAFBG8V3U;
				INFOPLIST_FILE = RecipleaseTests/Info.plist;
				IPHONEOS_DEPLOYMENT_TARGET = 14.5;
				LD_RUNPATH_SEARCH_PATHS = (
					"$(inherited)",
					"@executable_path/Frameworks",
					"@loader_path/Frameworks",
				);
				PRODUCT_BUNDLE_IDENTIFIER = "Debehogne-David.RecipleaseTests";
				PRODUCT_NAME = "$(TARGET_NAME)";
				SWIFT_VERSION = 5.0;
				TARGETED_DEVICE_FAMILY = "1,2";
				TEST_HOST = "$(BUILT_PRODUCTS_DIR)/Reciplease.app/Reciplease";
			};
			name = Debug;
		};
		3D522B6926BD7A1B00FABC8B /* Release */ = {
			isa = XCBuildConfiguration;
			baseConfigurationReference = 8E10E79C30ADEE43E66F5F92 /* Pods-RecipleaseTests.release.xcconfig */;
			buildSettings = {
				ALWAYS_EMBED_SWIFT_STANDARD_LIBRARIES = YES;
				BUNDLE_LOADER = "$(TEST_HOST)";
				CODE_SIGN_STYLE = Automatic;
				DEVELOPMENT_TEAM = KWAFBG8V3U;
				INFOPLIST_FILE = RecipleaseTests/Info.plist;
				IPHONEOS_DEPLOYMENT_TARGET = 14.5;
				LD_RUNPATH_SEARCH_PATHS = (
					"$(inherited)",
					"@executable_path/Frameworks",
					"@loader_path/Frameworks",
				);
				PRODUCT_BUNDLE_IDENTIFIER = "Debehogne-David.RecipleaseTests";
				PRODUCT_NAME = "$(TARGET_NAME)";
				SWIFT_VERSION = 5.0;
				TARGETED_DEVICE_FAMILY = "1,2";
				TEST_HOST = "$(BUILT_PRODUCTS_DIR)/Reciplease.app/Reciplease";
			};
			name = Release;
		};
		3D522B6B26BD7A1B00FABC8B /* Debug */ = {
			isa = XCBuildConfiguration;
			baseConfigurationReference = C075E44F34FED7F3D7E26F9A /* Pods-Reciplease-RecipleaseUITests.debug.xcconfig */;
			buildSettings = {
				ALWAYS_EMBED_SWIFT_STANDARD_LIBRARIES = YES;
				CODE_SIGN_STYLE = Automatic;
				DEVELOPMENT_TEAM = KWAFBG8V3U;
				INFOPLIST_FILE = RecipleaseUITests/Info.plist;
				LD_RUNPATH_SEARCH_PATHS = (
					"$(inherited)",
					"@executable_path/Frameworks",
					"@loader_path/Frameworks",
				);
				PRODUCT_BUNDLE_IDENTIFIER = "Debehogne-David.RecipleaseUITests";
				PRODUCT_NAME = "$(TARGET_NAME)";
				SWIFT_VERSION = 5.0;
				TARGETED_DEVICE_FAMILY = "1,2";
				TEST_TARGET_NAME = Reciplease;
			};
			name = Debug;
		};
		3D522B6C26BD7A1B00FABC8B /* Release */ = {
			isa = XCBuildConfiguration;
			baseConfigurationReference = 10BE8CCEA865BF8ECE6D9E98 /* Pods-Reciplease-RecipleaseUITests.release.xcconfig */;
			buildSettings = {
				ALWAYS_EMBED_SWIFT_STANDARD_LIBRARIES = YES;
				CODE_SIGN_STYLE = Automatic;
				DEVELOPMENT_TEAM = KWAFBG8V3U;
				INFOPLIST_FILE = RecipleaseUITests/Info.plist;
				LD_RUNPATH_SEARCH_PATHS = (
					"$(inherited)",
					"@executable_path/Frameworks",
					"@loader_path/Frameworks",
				);
				PRODUCT_BUNDLE_IDENTIFIER = "Debehogne-David.RecipleaseUITests";
				PRODUCT_NAME = "$(TARGET_NAME)";
				SWIFT_VERSION = 5.0;
				TARGETED_DEVICE_FAMILY = "1,2";
				TEST_TARGET_NAME = Reciplease;
			};
			name = Release;
		};
/* End XCBuildConfiguration section */

/* Begin XCConfigurationList section */
		3D522B3226BD7A1900FABC8B /* Build configuration list for PBXProject "Reciplease" */ = {
			isa = XCConfigurationList;
			buildConfigurations = (
				3D522B6226BD7A1B00FABC8B /* Debug */,
				3D522B6326BD7A1B00FABC8B /* Release */,
			);
			defaultConfigurationIsVisible = 0;
			defaultConfigurationName = Release;
		};
		3D522B6426BD7A1B00FABC8B /* Build configuration list for PBXNativeTarget "Reciplease" */ = {
			isa = XCConfigurationList;
			buildConfigurations = (
				3D522B6526BD7A1B00FABC8B /* Debug */,
				3D522B6626BD7A1B00FABC8B /* Release */,
			);
			defaultConfigurationIsVisible = 0;
			defaultConfigurationName = Release;
		};
		3D522B6726BD7A1B00FABC8B /* Build configuration list for PBXNativeTarget "RecipleaseTests" */ = {
			isa = XCConfigurationList;
			buildConfigurations = (
				3D522B6826BD7A1B00FABC8B /* Debug */,
				3D522B6926BD7A1B00FABC8B /* Release */,
			);
			defaultConfigurationIsVisible = 0;
			defaultConfigurationName = Release;
		};
		3D522B6A26BD7A1B00FABC8B /* Build configuration list for PBXNativeTarget "RecipleaseUITests" */ = {
			isa = XCConfigurationList;
			buildConfigurations = (
				3D522B6B26BD7A1B00FABC8B /* Debug */,
				3D522B6C26BD7A1B00FABC8B /* Release */,
			);
			defaultConfigurationIsVisible = 0;
			defaultConfigurationName = Release;
		};
/* End XCConfigurationList section */

/* Begin XCVersionGroup section */
		3D522B4326BD7A1900FABC8B /* Reciplease.xcdatamodeld */ = {
			isa = XCVersionGroup;
			children = (
				3D522B4426BD7A1900FABC8B /* Reciplease.xcdatamodel */,
			);
			currentVersion = 3D522B4426BD7A1900FABC8B /* Reciplease.xcdatamodel */;
			path = Reciplease.xcdatamodeld;
			sourceTree = "<group>";
			versionGroupType = wrapper.xcdatamodel;
		};
/* End XCVersionGroup section */
	};
	rootObject = 3D522B2F26BD7A1900FABC8B /* Project object */;
}
